
Microsoft Visual Studio Solution File, Format Version 12.00
# Visual Studio Version 17
VisualStudioVersion = 17.7.34031.279
MinimumVisualStudioVersion = 10.0.40219.1
Project("{FAE04EC0-301F-11D3-BF4B-00C04F79EFBC}") = "VKapp", "VKapp\VKapp.csproj", "{81B45091-794A-427D-AE85-A0C0033D80C1}"
EndProject
Global
	GlobalSection(SolutionConfigurationPlatforms) = preSolution
		Debug|Any CPU = Debug|Any CPU
		Release|Any CPU = Release|Any CPU
	EndGlobalSection
	GlobalSection(ProjectConfigurationPlatforms) = postSolution
		{81B45091-794A-427D-AE85-A0C0033D80C1}.Debug|Any CPU.ActiveCfg = Debug|Any CPU
		{81B45091-794A-427D-AE85-A0C0033D80C1}.Debug|Any CPU.Build.0 = Debug|Any CPU
		{81B45091-794A-427D-AE85-A0C0033D80C1}.Release|Any CPU.ActiveCfg = Release|Any CPU
		{81B45091-794A-427D-AE85-A0C0033D80C1}.Release|Any CPU.Build.0 = Release|Any CPU
	EndGlobalSection
	GlobalSection(SolutionProperties) = preSolution
		HideSolutionNode = FALSE
	EndGlobalSection
	GlobalSection(ExtensibilityGlobals) = postSolution
		SolutionGuid = {DD706DBE-0AEB-4F1D-A161-1170BB0913B1}
	EndGlobalSection
EndGlobal
